// !$*UTF8*$!
{
	archiveVersion = 1;
	classes = {
	};
	objectVersion = 46;
	objects = {

/* Begin PBXBuildFile section */
		1F3020EB18ECF3D40019D218 /* Contact.m in Sources */ = {isa = PBXBuildFile; fileRef = 1F3020EA18ECF3D40019D218 /* Contact.m */; };
		1F4EFE7218F38D4C006897A4 /* SingleMessageLeftTableViewCell.m in Sources */ = {isa = PBXBuildFile; fileRef = 1F4EFE7118F38D4C006897A4 /* SingleMessageLeftTableViewCell.m */; };
		1F4EFE7518F38D58006897A4 /* SingleMessageRightTableViewCell.m in Sources */ = {isa = PBXBuildFile; fileRef = 1F4EFE7418F38D58006897A4 /* SingleMessageRightTableViewCell.m */; };
		1F4EFE7918F38ED3006897A4 /* Message.m in Sources */ = {isa = PBXBuildFile; fileRef = 1F4EFE7818F38ED3006897A4 /* Message.m */; };
		1F70ED6118E9B4A600905D57 /* MessagesTableViewController.m in Sources */ = {isa = PBXBuildFile; fileRef = 1F70ED6018E9B4A600905D57 /* MessagesTableViewController.m */; };
		1F83F7611905655A0054325F /* ComposeMessageTableViewController.m in Sources */ = {isa = PBXBuildFile; fileRef = 1F83F7601905655A0054325F /* ComposeMessageTableViewController.m */; };
		1FBF2A2218EF3D6600677DC1 /* SingleMessageViewController.m in Sources */ = {isa = PBXBuildFile; fileRef = 1FBF2A2118EF3D6600677DC1 /* SingleMessageViewController.m */; };
		1FD03FE419074FBA0014B9C7 /* MessagesGlobalVariablesAndFunctions.m in Sources */ = {isa = PBXBuildFile; fileRef = 1FD03FE319074FBA0014B9C7 /* MessagesGlobalVariablesAndFunctions.m */; };
		1FF3B7C818E8DC4B0081A0B1 /* Foundation.framework in Frameworks */ = {isa = PBXBuildFile; fileRef = 1FF3B7C718E8DC4B0081A0B1 /* Foundation.framework */; };
		1FF3B7CA18E8DC4B0081A0B1 /* CoreGraphics.framework in Frameworks */ = {isa = PBXBuildFile; fileRef = 1FF3B7C918E8DC4B0081A0B1 /* CoreGraphics.framework */; };
		1FF3B7CC18E8DC4B0081A0B1 /* UIKit.framework in Frameworks */ = {isa = PBXBuildFile; fileRef = 1FF3B7CB18E8DC4B0081A0B1 /* UIKit.framework */; };
		1FF3B7D218E8DC4B0081A0B1 /* InfoPlist.strings in Resources */ = {isa = PBXBuildFile; fileRef = 1FF3B7D018E8DC4B0081A0B1 /* InfoPlist.strings */; };
		1FF3B7D418E8DC4B0081A0B1 /* main.m in Sources */ = {isa = PBXBuildFile; fileRef = 1FF3B7D318E8DC4B0081A0B1 /* main.m */; };
		1FF3B7D818E8DC4B0081A0B1 /* AppDelegate.m in Sources */ = {isa = PBXBuildFile; fileRef = 1FF3B7D718E8DC4B0081A0B1 /* AppDelegate.m */; };
		1FF3B7DB18E8DC4B0081A0B1 /* Main.storyboard in Resources */ = {isa = PBXBuildFile; fileRef = 1FF3B7D918E8DC4B0081A0B1 /* Main.storyboard */; };
		1FF3B7E018E8DC4B0081A0B1 /* Images.xcassets in Resources */ = {isa = PBXBuildFile; fileRef = 1FF3B7DF18E8DC4B0081A0B1 /* Images.xcassets */; };
		1FF3B7E718E8DC4C0081A0B1 /* XCTest.framework in Frameworks */ = {isa = PBXBuildFile; fileRef = 1FF3B7E618E8DC4C0081A0B1 /* XCTest.framework */; };
		1FF3B7E818E8DC4C0081A0B1 /* Foundation.framework in Frameworks */ = {isa = PBXBuildFile; fileRef = 1FF3B7C718E8DC4B0081A0B1 /* Foundation.framework */; };
		1FF3B7E918E8DC4C0081A0B1 /* UIKit.framework in Frameworks */ = {isa = PBXBuildFile; fileRef = 1FF3B7CB18E8DC4B0081A0B1 /* UIKit.framework */; };
		1FF3B7F118E8DC4C0081A0B1 /* InfoPlist.strings in Resources */ = {isa = PBXBuildFile; fileRef = 1FF3B7EF18E8DC4C0081A0B1 /* InfoPlist.strings */; };
		1FF3B7F318E8DC4C0081A0B1 /* Encrypted_MessengerTests.m in Sources */ = {isa = PBXBuildFile; fileRef = 1FF3B7F218E8DC4C0081A0B1 /* Encrypted_MessengerTests.m */; };
		1FF3B80418E8DDC30081A0B1 /* MyDataManager.m in Sources */ = {isa = PBXBuildFile; fileRef = 1FF3B7FD18E8DDC30081A0B1 /* MyDataManager.m */; };
		1FF3B80518E8DDC30081A0B1 /* DataManager.m in Sources */ = {isa = PBXBuildFile; fileRef = 1FF3B7FF18E8DDC30081A0B1 /* DataManager.m */; };
		1FF3B80618E8DDC30081A0B1 /* DataSource.m in Sources */ = {isa = PBXBuildFile; fileRef = 1FF3B80218E8DDC30081A0B1 /* DataSource.m */; };
		1FF3B80A18E8DDE70081A0B1 /* Messages.xcdatamodeld in Sources */ = {isa = PBXBuildFile; fileRef = 1FF3B80818E8DDE70081A0B1 /* Messages.xcdatamodeld */; };
		1FF3B82018E8E6300081A0B1 /* AddContactTableViewController.m in Sources */ = {isa = PBXBuildFile; fileRef = 1FF3B81F18E8E6300081A0B1 /* AddContactTableViewController.m */; };
		1FF3B82318E8EFFB0081A0B1 /* ContactsTableViewController.m in Sources */ = {isa = PBXBuildFile; fileRef = 1FF3B82118E8EFFB0081A0B1 /* ContactsTableViewController.m */; };
		1FF3B82618E8F6A40081A0B1 /* EditContactTableViewController.m in Sources */ = {isa = PBXBuildFile; fileRef = 1FF3B82518E8F6A40081A0B1 /* EditContactTableViewController.m */; };
		9253F903190A09B1000F6500 /* RNCryptor.m in Sources */ = {isa = PBXBuildFile; fileRef = 9253F8F5190A09B1000F6500 /* RNCryptor.m */; };
		9253F904190A09B1000F6500 /* RNCryptorEngine.m in Sources */ = {isa = PBXBuildFile; fileRef = 9253F8F8190A09B1000F6500 /* RNCryptorEngine.m */; };
		9253F905190A09B1000F6500 /* RNDecryptor.m in Sources */ = {isa = PBXBuildFile; fileRef = 9253F8FA190A09B1000F6500 /* RNDecryptor.m */; };
		9253F906190A09B1000F6500 /* RNEncryptor.m in Sources */ = {isa = PBXBuildFile; fileRef = 9253F8FC190A09B1000F6500 /* RNEncryptor.m */; };
		9253F907190A09B1000F6500 /* RNOpenSSLCryptor.m in Sources */ = {isa = PBXBuildFile; fileRef = 9253F8FE190A09B1000F6500 /* RNOpenSSLCryptor.m */; };
		9253F908190A09B1000F6500 /* RNOpenSSLDecryptor.m in Sources */ = {isa = PBXBuildFile; fileRef = 9253F900190A09B1000F6500 /* RNOpenSSLDecryptor.m */; };
		9253F909190A09B1000F6500 /* RNOpenSSLEncryptor.m in Sources */ = {isa = PBXBuildFile; fileRef = 9253F902190A09B1000F6500 /* RNOpenSSLEncryptor.m */; };
/* End PBXBuildFile section */

/* Begin PBXContainerItemProxy section */
		1FF3B7EA18E8DC4C0081A0B1 /* PBXContainerItemProxy */ = {
			isa = PBXContainerItemProxy;
			containerPortal = 1FF3B7BC18E8DC4B0081A0B1 /* Project object */;
			proxyType = 1;
			remoteGlobalIDString = 1FF3B7C318E8DC4B0081A0B1;
			remoteInfo = "Encrypted Messenger";
		};
/* End PBXContainerItemProxy section */

/* Begin PBXFileReference section */
		1F3020E918ECF3D40019D218 /* Contact.h */ = {isa = PBXFileReference; fileEncoding = 4; lastKnownFileType = sourcecode.c.h; path = Contact.h; sourceTree = "<group>"; };
		1F3020EA18ECF3D40019D218 /* Contact.m */ = {isa = PBXFileReference; fileEncoding = 4; lastKnownFileType = sourcecode.c.objc; path = Contact.m; sourceTree = "<group>"; };
		1F4EFE7018F38D4C006897A4 /* SingleMessageLeftTableViewCell.h */ = {isa = PBXFileReference; fileEncoding = 4; lastKnownFileType = sourcecode.c.h; path = SingleMessageLeftTableViewCell.h; sourceTree = "<group>"; };
		1F4EFE7118F38D4C006897A4 /* SingleMessageLeftTableViewCell.m */ = {isa = PBXFileReference; fileEncoding = 4; lastKnownFileType = sourcecode.c.objc; path = SingleMessageLeftTableViewCell.m; sourceTree = "<group>"; };
		1F4EFE7318F38D58006897A4 /* SingleMessageRightTableViewCell.h */ = {isa = PBXFileReference; fileEncoding = 4; lastKnownFileType = sourcecode.c.h; path = SingleMessageRightTableViewCell.h; sourceTree = "<group>"; };
		1F4EFE7418F38D58006897A4 /* SingleMessageRightTableViewCell.m */ = {isa = PBXFileReference; fileEncoding = 4; lastKnownFileType = sourcecode.c.objc; path = SingleMessageRightTableViewCell.m; sourceTree = "<group>"; };
		1F4EFE7718F38ED3006897A4 /* Message.h */ = {isa = PBXFileReference; fileEncoding = 4; lastKnownFileType = sourcecode.c.h; path = Message.h; sourceTree = "<group>"; };
		1F4EFE7818F38ED3006897A4 /* Message.m */ = {isa = PBXFileReference; fileEncoding = 4; lastKnownFileType = sourcecode.c.objc; path = Message.m; sourceTree = "<group>"; };
		1F70ED5F18E9B4A600905D57 /* MessagesTableViewController.h */ = {isa = PBXFileReference; fileEncoding = 4; lastKnownFileType = sourcecode.c.h; path = MessagesTableViewController.h; sourceTree = "<group>"; };
		1F70ED6018E9B4A600905D57 /* MessagesTableViewController.m */ = {isa = PBXFileReference; fileEncoding = 4; lastKnownFileType = sourcecode.c.objc; path = MessagesTableViewController.m; sourceTree = "<group>"; };
		1F83F75F1905655A0054325F /* ComposeMessageTableViewController.h */ = {isa = PBXFileReference; fileEncoding = 4; lastKnownFileType = sourcecode.c.h; path = ComposeMessageTableViewController.h; sourceTree = "<group>"; };
		1F83F7601905655A0054325F /* ComposeMessageTableViewController.m */ = {isa = PBXFileReference; fileEncoding = 4; lastKnownFileType = sourcecode.c.objc; path = ComposeMessageTableViewController.m; sourceTree = "<group>"; };
		1FBF2A2018EF3D6600677DC1 /* SingleMessageViewController.h */ = {isa = PBXFileReference; fileEncoding = 4; lastKnownFileType = sourcecode.c.h; path = SingleMessageViewController.h; sourceTree = "<group>"; };
		1FBF2A2118EF3D6600677DC1 /* SingleMessageViewController.m */ = {isa = PBXFileReference; fileEncoding = 4; lastKnownFileType = sourcecode.c.objc; path = SingleMessageViewController.m; sourceTree = "<group>"; };
		1FD03FE219074FBA0014B9C7 /* MessagesGlobalVariablesAndFunctions.h */ = {isa = PBXFileReference; fileEncoding = 4; lastKnownFileType = sourcecode.c.h; path = MessagesGlobalVariablesAndFunctions.h; sourceTree = "<group>"; };
		1FD03FE319074FBA0014B9C7 /* MessagesGlobalVariablesAndFunctions.m */ = {isa = PBXFileReference; fileEncoding = 4; lastKnownFileType = sourcecode.c.objc; path = MessagesGlobalVariablesAndFunctions.m; sourceTree = "<group>"; };
		1FF3B7C418E8DC4B0081A0B1 /* Encrypted Messenger.app */ = {isa = PBXFileReference; explicitFileType = wrapper.application; includeInIndex = 0; path = "Encrypted Messenger.app"; sourceTree = BUILT_PRODUCTS_DIR; };
		1FF3B7C718E8DC4B0081A0B1 /* Foundation.framework */ = {isa = PBXFileReference; lastKnownFileType = wrapper.framework; name = Foundation.framework; path = System/Library/Frameworks/Foundation.framework; sourceTree = SDKROOT; };
		1FF3B7C918E8DC4B0081A0B1 /* CoreGraphics.framework */ = {isa = PBXFileReference; lastKnownFileType = wrapper.framework; name = CoreGraphics.framework; path = System/Library/Frameworks/CoreGraphics.framework; sourceTree = SDKROOT; };
		1FF3B7CB18E8DC4B0081A0B1 /* UIKit.framework */ = {isa = PBXFileReference; lastKnownFileType = wrapper.framework; name = UIKit.framework; path = System/Library/Frameworks/UIKit.framework; sourceTree = SDKROOT; };
		1FF3B7CF18E8DC4B0081A0B1 /* Encrypted Messenger-Info.plist */ = {isa = PBXFileReference; lastKnownFileType = text.plist.xml; path = "Encrypted Messenger-Info.plist"; sourceTree = "<group>"; };
		1FF3B7D118E8DC4B0081A0B1 /* en */ = {isa = PBXFileReference; lastKnownFileType = text.plist.strings; name = en; path = en.lproj/InfoPlist.strings; sourceTree = "<group>"; };
		1FF3B7D318E8DC4B0081A0B1 /* main.m */ = {isa = PBXFileReference; lastKnownFileType = sourcecode.c.objc; path = main.m; sourceTree = "<group>"; };
		1FF3B7D518E8DC4B0081A0B1 /* Encrypted Messenger-Prefix.pch */ = {isa = PBXFileReference; lastKnownFileType = sourcecode.c.h; path = "Encrypted Messenger-Prefix.pch"; sourceTree = "<group>"; };
		1FF3B7D618E8DC4B0081A0B1 /* AppDelegate.h */ = {isa = PBXFileReference; lastKnownFileType = sourcecode.c.h; path = AppDelegate.h; sourceTree = "<group>"; };
		1FF3B7D718E8DC4B0081A0B1 /* AppDelegate.m */ = {isa = PBXFileReference; lastKnownFileType = sourcecode.c.objc; path = AppDelegate.m; sourceTree = "<group>"; };
		1FF3B7DA18E8DC4B0081A0B1 /* Base */ = {isa = PBXFileReference; lastKnownFileType = file.storyboard; name = Base; path = Base.lproj/Main.storyboard; sourceTree = "<group>"; };
		1FF3B7DF18E8DC4B0081A0B1 /* Images.xcassets */ = {isa = PBXFileReference; lastKnownFileType = folder.assetcatalog; path = Images.xcassets; sourceTree = "<group>"; };
		1FF3B7E518E8DC4C0081A0B1 /* Encrypted MessengerTests.xctest */ = {isa = PBXFileReference; explicitFileType = wrapper.cfbundle; includeInIndex = 0; path = "Encrypted MessengerTests.xctest"; sourceTree = BUILT_PRODUCTS_DIR; };
		1FF3B7E618E8DC4C0081A0B1 /* XCTest.framework */ = {isa = PBXFileReference; lastKnownFileType = wrapper.framework; name = XCTest.framework; path = Library/Frameworks/XCTest.framework; sourceTree = DEVELOPER_DIR; };
		1FF3B7EE18E8DC4C0081A0B1 /* Encrypted MessengerTests-Info.plist */ = {isa = PBXFileReference; lastKnownFileType = text.plist.xml; path = "Encrypted MessengerTests-Info.plist"; sourceTree = "<group>"; };
		1FF3B7F018E8DC4C0081A0B1 /* en */ = {isa = PBXFileReference; lastKnownFileType = text.plist.strings; name = en; path = en.lproj/InfoPlist.strings; sourceTree = "<group>"; };
		1FF3B7F218E8DC4C0081A0B1 /* Encrypted_MessengerTests.m */ = {isa = PBXFileReference; lastKnownFileType = sourcecode.c.objc; path = Encrypted_MessengerTests.m; sourceTree = "<group>"; };
		1FF3B7FC18E8DDC30081A0B1 /* MyDataManager.h */ = {isa = PBXFileReference; fileEncoding = 4; lastKnownFileType = sourcecode.c.h; path = MyDataManager.h; sourceTree = "<group>"; };
		1FF3B7FD18E8DDC30081A0B1 /* MyDataManager.m */ = {isa = PBXFileReference; fileEncoding = 4; lastKnownFileType = sourcecode.c.objc; path = MyDataManager.m; sourceTree = "<group>"; };
		1FF3B7FE18E8DDC30081A0B1 /* DataManager.h */ = {isa = PBXFileReference; fileEncoding = 4; lastKnownFileType = sourcecode.c.h; path = DataManager.h; sourceTree = "<group>"; };
		1FF3B7FF18E8DDC30081A0B1 /* DataManager.m */ = {isa = PBXFileReference; fileEncoding = 4; lastKnownFileType = sourcecode.c.objc; path = DataManager.m; sourceTree = "<group>"; };
		1FF3B80018E8DDC30081A0B1 /* DataManagerDelegate.h */ = {isa = PBXFileReference; fileEncoding = 4; lastKnownFileType = sourcecode.c.h; path = DataManagerDelegate.h; sourceTree = "<group>"; };
		1FF3B80118E8DDC30081A0B1 /* DataSource.h */ = {isa = PBXFileReference; fileEncoding = 4; lastKnownFileType = sourcecode.c.h; path = DataSource.h; sourceTree = "<group>"; };
		1FF3B80218E8DDC30081A0B1 /* DataSource.m */ = {isa = PBXFileReference; fileEncoding = 4; lastKnownFileType = sourcecode.c.objc; path = DataSource.m; sourceTree = "<group>"; };
		1FF3B80318E8DDC30081A0B1 /* DataSourceCellConfigurer.h */ = {isa = PBXFileReference; fileEncoding = 4; lastKnownFileType = sourcecode.c.h; path = DataSourceCellConfigurer.h; sourceTree = "<group>"; };
		1FF3B80918E8DDE70081A0B1 /* Messages.xcdatamodel */ = {isa = PBXFileReference; lastKnownFileType = wrapper.xcdatamodel; path = Messages.xcdatamodel; sourceTree = "<group>"; };
		1FF3B81E18E8E6300081A0B1 /* AddContactTableViewController.h */ = {isa = PBXFileReference; fileEncoding = 4; lastKnownFileType = sourcecode.c.h; path = AddContactTableViewController.h; sourceTree = "<group>"; };
		1FF3B81F18E8E6300081A0B1 /* AddContactTableViewController.m */ = {isa = PBXFileReference; fileEncoding = 4; lastKnownFileType = sourcecode.c.objc; path = AddContactTableViewController.m; sourceTree = "<group>"; };
		1FF3B82118E8EFFB0081A0B1 /* ContactsTableViewController.m */ = {isa = PBXFileReference; fileEncoding = 4; lastKnownFileType = sourcecode.c.objc; path = ContactsTableViewController.m; sourceTree = "<group>"; };
		1FF3B82218E8EFFB0081A0B1 /* ContactsTableViewController.h */ = {isa = PBXFileReference; fileEncoding = 4; lastKnownFileType = sourcecode.c.h; path = ContactsTableViewController.h; sourceTree = "<group>"; };
		1FF3B82418E8F6A40081A0B1 /* EditContactTableViewController.h */ = {isa = PBXFileReference; fileEncoding = 4; lastKnownFileType = sourcecode.c.h; path = EditContactTableViewController.h; sourceTree = "<group>"; };
		1FF3B82518E8F6A40081A0B1 /* EditContactTableViewController.m */ = {isa = PBXFileReference; fileEncoding = 4; lastKnownFileType = sourcecode.c.objc; path = EditContactTableViewController.m; sourceTree = "<group>"; };
		9253F8F3190A09B1000F6500 /* RNCryptor-Prefix.pch */ = {isa = PBXFileReference; fileEncoding = 4; lastKnownFileType = sourcecode.c.h; path = "RNCryptor-Prefix.pch"; sourceTree = "<group>"; };
		9253F8F4190A09B1000F6500 /* RNCryptor.h */ = {isa = PBXFileReference; fileEncoding = 4; lastKnownFileType = sourcecode.c.h; path = RNCryptor.h; sourceTree = "<group>"; };
		9253F8F5190A09B1000F6500 /* RNCryptor.m */ = {isa = PBXFileReference; fileEncoding = 4; lastKnownFileType = sourcecode.c.objc; path = RNCryptor.m; sourceTree = "<group>"; };
		9253F8F6190A09B1000F6500 /* RNCryptor+Private.h */ = {isa = PBXFileReference; fileEncoding = 4; lastKnownFileType = sourcecode.c.h; path = "RNCryptor+Private.h"; sourceTree = "<group>"; };
		9253F8F7190A09B1000F6500 /* RNCryptorEngine.h */ = {isa = PBXFileReference; fileEncoding = 4; lastKnownFileType = sourcecode.c.h; path = RNCryptorEngine.h; sourceTree = "<group>"; };
		9253F8F8190A09B1000F6500 /* RNCryptorEngine.m */ = {isa = PBXFileReference; fileEncoding = 4; lastKnownFileType = sourcecode.c.objc; path = RNCryptorEngine.m; sourceTree = "<group>"; };
		9253F8F9190A09B1000F6500 /* RNDecryptor.h */ = {isa = PBXFileReference; fileEncoding = 4; lastKnownFileType = sourcecode.c.h; path = RNDecryptor.h; sourceTree = "<group>"; };
		9253F8FA190A09B1000F6500 /* RNDecryptor.m */ = {isa = PBXFileReference; fileEncoding = 4; lastKnownFileType = sourcecode.c.objc; path = RNDecryptor.m; sourceTree = "<group>"; };
		9253F8FB190A09B1000F6500 /* RNEncryptor.h */ = {isa = PBXFileReference; fileEncoding = 4; lastKnownFileType = sourcecode.c.h; path = RNEncryptor.h; sourceTree = "<group>"; };
		9253F8FC190A09B1000F6500 /* RNEncryptor.m */ = {isa = PBXFileReference; fileEncoding = 4; lastKnownFileType = sourcecode.c.objc; path = RNEncryptor.m; sourceTree = "<group>"; };
		9253F8FD190A09B1000F6500 /* RNOpenSSLCryptor.h */ = {isa = PBXFileReference; fileEncoding = 4; lastKnownFileType = sourcecode.c.h; path = RNOpenSSLCryptor.h; sourceTree = "<group>"; };
		9253F8FE190A09B1000F6500 /* RNOpenSSLCryptor.m */ = {isa = PBXFileReference; fileEncoding = 4; lastKnownFileType = sourcecode.c.objc; path = RNOpenSSLCryptor.m; sourceTree = "<group>"; };
		9253F8FF190A09B1000F6500 /* RNOpenSSLDecryptor.h */ = {isa = PBXFileReference; fileEncoding = 4; lastKnownFileType = sourcecode.c.h; path = RNOpenSSLDecryptor.h; sourceTree = "<group>"; };
		9253F900190A09B1000F6500 /* RNOpenSSLDecryptor.m */ = {isa = PBXFileReference; fileEncoding = 4; lastKnownFileType = sourcecode.c.objc; path = RNOpenSSLDecryptor.m; sourceTree = "<group>"; };
		9253F901190A09B1000F6500 /* RNOpenSSLEncryptor.h */ = {isa = PBXFileReference; fileEncoding = 4; lastKnownFileType = sourcecode.c.h; path = RNOpenSSLEncryptor.h; sourceTree = "<group>"; };
		9253F902190A09B1000F6500 /* RNOpenSSLEncryptor.m */ = {isa = PBXFileReference; fileEncoding = 4; lastKnownFileType = sourcecode.c.objc; path = RNOpenSSLEncryptor.m; sourceTree = "<group>"; };
/* End PBXFileReference section */

/* Begin PBXFrameworksBuildPhase section */
		1FF3B7C118E8DC4B0081A0B1 /* Frameworks */ = {
			isa = PBXFrameworksBuildPhase;
			buildActionMask = 2147483647;
			files = (
				1FF3B7CA18E8DC4B0081A0B1 /* CoreGraphics.framework in Frameworks */,
				1FF3B7CC18E8DC4B0081A0B1 /* UIKit.framework in Frameworks */,
				1FF3B7C818E8DC4B0081A0B1 /* Foundation.framework in Frameworks */,
			);
			runOnlyForDeploymentPostprocessing = 0;
		};
		1FF3B7E218E8DC4C0081A0B1 /* Frameworks */ = {
			isa = PBXFrameworksBuildPhase;
			buildActionMask = 2147483647;
			files = (
				1FF3B7E718E8DC4C0081A0B1 /* XCTest.framework in Frameworks */,
				1FF3B7E918E8DC4C0081A0B1 /* UIKit.framework in Frameworks */,
				1FF3B7E818E8DC4C0081A0B1 /* Foundation.framework in Frameworks */,
			);
			runOnlyForDeploymentPostprocessing = 0;
		};
/* End PBXFrameworksBuildPhase section */

/* Begin PBXGroup section */
		1F4EFE7618F38E3E006897A4 /* Table View Cells */ = {
			isa = PBXGroup;
			children = (
				1F4EFE7018F38D4C006897A4 /* SingleMessageLeftTableViewCell.h */,
				1F4EFE7118F38D4C006897A4 /* SingleMessageLeftTableViewCell.m */,
				1F4EFE7318F38D58006897A4 /* SingleMessageRightTableViewCell.h */,
				1F4EFE7418F38D58006897A4 /* SingleMessageRightTableViewCell.m */,
			);
			name = "Table View Cells";
			sourceTree = "<group>";
		};
		1F70ED5E18E9AE1600905D57 /* Messages */ = {
			isa = PBXGroup;
			children = (
				1F4EFE7618F38E3E006897A4 /* Table View Cells */,
				1F70ED5F18E9B4A600905D57 /* MessagesTableViewController.h */,
				1F70ED6018E9B4A600905D57 /* MessagesTableViewController.m */,
				1FBF2A2018EF3D6600677DC1 /* SingleMessageViewController.h */,
				1FBF2A2118EF3D6600677DC1 /* SingleMessageViewController.m */,
				1F83F75F1905655A0054325F /* ComposeMessageTableViewController.h */,
				1F83F7601905655A0054325F /* ComposeMessageTableViewController.m */,
				1FD03FE219074FBA0014B9C7 /* MessagesGlobalVariablesAndFunctions.h */,
				1FD03FE319074FBA0014B9C7 /* MessagesGlobalVariablesAndFunctions.m */,
			);
			name = Messages;
			sourceTree = "<group>";
		};
		1FF3B7BB18E8DC4B0081A0B1 = {
			isa = PBXGroup;
			children = (
				1FF3B7CD18E8DC4B0081A0B1 /* Encrypted Messenger */,
				1FF3B7EC18E8DC4C0081A0B1 /* Encrypted MessengerTests */,
				1FF3B7C618E8DC4B0081A0B1 /* Frameworks */,
				1FF3B7C518E8DC4B0081A0B1 /* Products */,
			);
			sourceTree = "<group>";
		};
		1FF3B7C518E8DC4B0081A0B1 /* Products */ = {
			isa = PBXGroup;
			children = (
				1FF3B7C418E8DC4B0081A0B1 /* Encrypted Messenger.app */,
				1FF3B7E518E8DC4C0081A0B1 /* Encrypted MessengerTests.xctest */,
			);
			name = Products;
			sourceTree = "<group>";
		};
		1FF3B7C618E8DC4B0081A0B1 /* Frameworks */ = {
			isa = PBXGroup;
			children = (
				1FF3B7C718E8DC4B0081A0B1 /* Foundation.framework */,
				1FF3B7C918E8DC4B0081A0B1 /* CoreGraphics.framework */,
				1FF3B7CB18E8DC4B0081A0B1 /* UIKit.framework */,
				1FF3B7E618E8DC4C0081A0B1 /* XCTest.framework */,
			);
			name = Frameworks;
			sourceTree = "<group>";
		};
		1FF3B7CD18E8DC4B0081A0B1 /* Encrypted Messenger */ = {
			isa = PBXGroup;
			children = (
				1F70ED5E18E9AE1600905D57 /* Messages */,
				1FF3B81D18E8E60D0081A0B1 /* Contacts */,
				1FF3B80718E8DDC80081A0B1 /* Core Data */,
				1FF3B7D618E8DC4B0081A0B1 /* AppDelegate.h */,
				1FF3B7D718E8DC4B0081A0B1 /* AppDelegate.m */,
				1FF3B7D918E8DC4B0081A0B1 /* Main.storyboard */,
				1FF3B7DF18E8DC4B0081A0B1 /* Images.xcassets */,
				1FF3B7CE18E8DC4B0081A0B1 /* Supporting Files */,
			);
			path = "Encrypted Messenger";
			sourceTree = "<group>";
		};
		1FF3B7CE18E8DC4B0081A0B1 /* Supporting Files */ = {
			isa = PBXGroup;
			children = (
				1FF3B7CF18E8DC4B0081A0B1 /* Encrypted Messenger-Info.plist */,
				1FF3B7D018E8DC4B0081A0B1 /* InfoPlist.strings */,
				1FF3B7D318E8DC4B0081A0B1 /* main.m */,
				1FF3B7D518E8DC4B0081A0B1 /* Encrypted Messenger-Prefix.pch */,
			);
			name = "Supporting Files";
			sourceTree = "<group>";
		};
		1FF3B7EC18E8DC4C0081A0B1 /* Encrypted MessengerTests */ = {
			isa = PBXGroup;
			children = (
				1FF3B7F218E8DC4C0081A0B1 /* Encrypted_MessengerTests.m */,
				1FF3B7ED18E8DC4C0081A0B1 /* Supporting Files */,
			);
			path = "Encrypted MessengerTests";
			sourceTree = "<group>";
		};
		1FF3B7ED18E8DC4C0081A0B1 /* Supporting Files */ = {
			isa = PBXGroup;
			children = (
				1FF3B7EE18E8DC4C0081A0B1 /* Encrypted MessengerTests-Info.plist */,
				1FF3B7EF18E8DC4C0081A0B1 /* InfoPlist.strings */,
			);
			name = "Supporting Files";
			sourceTree = "<group>";
		};
		1FF3B80718E8DDC80081A0B1 /* Core Data */ = {
			isa = PBXGroup;
			children = (
				9253F8F3190A09B1000F6500 /* RNCryptor-Prefix.pch */,
				9253F8F4190A09B1000F6500 /* RNCryptor.h */,
				9253F8F5190A09B1000F6500 /* RNCryptor.m */,
				9253F8F6190A09B1000F6500 /* RNCryptor+Private.h */,
				9253F8F7190A09B1000F6500 /* RNCryptorEngine.h */,
				9253F8F8190A09B1000F6500 /* RNCryptorEngine.m */,
				9253F8F9190A09B1000F6500 /* RNDecryptor.h */,
				9253F8FA190A09B1000F6500 /* RNDecryptor.m */,
				9253F8FB190A09B1000F6500 /* RNEncryptor.h */,
				9253F8FC190A09B1000F6500 /* RNEncryptor.m */,
				9253F8FD190A09B1000F6500 /* RNOpenSSLCryptor.h */,
				9253F8FE190A09B1000F6500 /* RNOpenSSLCryptor.m */,
				9253F8FF190A09B1000F6500 /* RNOpenSSLDecryptor.h */,
				9253F900190A09B1000F6500 /* RNOpenSSLDecryptor.m */,
				9253F901190A09B1000F6500 /* RNOpenSSLEncryptor.h */,
				9253F902190A09B1000F6500 /* RNOpenSSLEncryptor.m */,
				1F4EFE7718F38ED3006897A4 /* Message.h */,
				1F4EFE7818F38ED3006897A4 /* Message.m */,
				1FF3B7FC18E8DDC30081A0B1 /* MyDataManager.h */,
				1FF3B7FD18E8DDC30081A0B1 /* MyDataManager.m */,
				1FF3B7FE18E8DDC30081A0B1 /* DataManager.h */,
				1FF3B7FF18E8DDC30081A0B1 /* DataManager.m */,
				1FF3B80018E8DDC30081A0B1 /* DataManagerDelegate.h */,
				1FF3B80118E8DDC30081A0B1 /* DataSource.h */,
				1FF3B80218E8DDC30081A0B1 /* DataSource.m */,
				1FF3B80318E8DDC30081A0B1 /* DataSourceCellConfigurer.h */,
				1FF3B80818E8DDE70081A0B1 /* Messages.xcdatamodeld */,
				1F3020E918ECF3D40019D218 /* Contact.h */,
				1F3020EA18ECF3D40019D218 /* Contact.m */,
			);
			name = "Core Data";
			sourceTree = "<group>";
		};
		1FF3B81D18E8E60D0081A0B1 /* Contacts */ = {
			isa = PBXGroup;
			children = (
				1FF3B82118E8EFFB0081A0B1 /* ContactsTableViewController.m */,
				1FF3B82218E8EFFB0081A0B1 /* ContactsTableViewController.h */,
				1FF3B81E18E8E6300081A0B1 /* AddContactTableViewController.h */,
				1FF3B81F18E8E6300081A0B1 /* AddContactTableViewController.m */,
				1FF3B82418E8F6A40081A0B1 /* EditContactTableViewController.h */,
				1FF3B82518E8F6A40081A0B1 /* EditContactTableViewController.m */,
			);
			name = Contacts;
			sourceTree = "<group>";
		};
/* End PBXGroup section */

/* Begin PBXNativeTarget section */
		1FF3B7C318E8DC4B0081A0B1 /* Encrypted Messenger */ = {
			isa = PBXNativeTarget;
			buildConfigurationList = 1FF3B7F618E8DC4C0081A0B1 /* Build configuration list for PBXNativeTarget "Encrypted Messenger" */;
			buildPhases = (
				1FF3B7C018E8DC4B0081A0B1 /* Sources */,
				1FF3B7C118E8DC4B0081A0B1 /* Frameworks */,
				1FF3B7C218E8DC4B0081A0B1 /* Resources */,
			);
			buildRules = (
			);
			dependencies = (
			);
			name = "Encrypted Messenger";
			productName = "Encrypted Messenger";
			productReference = 1FF3B7C418E8DC4B0081A0B1 /* Encrypted Messenger.app */;
			productType = "com.apple.product-type.application";
		};
		1FF3B7E418E8DC4C0081A0B1 /* Encrypted MessengerTests */ = {
			isa = PBXNativeTarget;
			buildConfigurationList = 1FF3B7F918E8DC4C0081A0B1 /* Build configuration list for PBXNativeTarget "Encrypted MessengerTests" */;
			buildPhases = (
				1FF3B7E118E8DC4C0081A0B1 /* Sources */,
				1FF3B7E218E8DC4C0081A0B1 /* Frameworks */,
				1FF3B7E318E8DC4C0081A0B1 /* Resources */,
			);
			buildRules = (
			);
			dependencies = (
				1FF3B7EB18E8DC4C0081A0B1 /* PBXTargetDependency */,
			);
			name = "Encrypted MessengerTests";
			productName = "Encrypted MessengerTests";
			productReference = 1FF3B7E518E8DC4C0081A0B1 /* Encrypted MessengerTests.xctest */;
			productType = "com.apple.product-type.bundle.unit-test";
		};
/* End PBXNativeTarget section */

/* Begin PBXProject section */
		1FF3B7BC18E8DC4B0081A0B1 /* Project object */ = {
			isa = PBXProject;
			attributes = {
				LastUpgradeCheck = 0510;
				ORGANIZATIONNAME = "Ryan Van Fleet";
				TargetAttributes = {
					1FF3B7E418E8DC4C0081A0B1 = {
						TestTargetID = 1FF3B7C318E8DC4B0081A0B1;
					};
				};
			};
			buildConfigurationList = 1FF3B7BF18E8DC4B0081A0B1 /* Build configuration list for PBXProject "Encrypted Messenger" */;
			compatibilityVersion = "Xcode 3.2";
			developmentRegion = English;
			hasScannedForEncodings = 0;
			knownRegions = (
				en,
				Base,
			);
			mainGroup = 1FF3B7BB18E8DC4B0081A0B1;
			productRefGroup = 1FF3B7C518E8DC4B0081A0B1 /* Products */;
			projectDirPath = "";
			projectRoot = "";
			targets = (
				1FF3B7C318E8DC4B0081A0B1 /* Encrypted Messenger */,
				1FF3B7E418E8DC4C0081A0B1 /* Encrypted MessengerTests */,
			);
		};
/* End PBXProject section */

/* Begin PBXResourcesBuildPhase section */
		1FF3B7C218E8DC4B0081A0B1 /* Resources */ = {
			isa = PBXResourcesBuildPhase;
			buildActionMask = 2147483647;
			files = (
				1FF3B7E018E8DC4B0081A0B1 /* Images.xcassets in Resources */,
				1FF3B7D218E8DC4B0081A0B1 /* InfoPlist.strings in Resources */,
				1FF3B7DB18E8DC4B0081A0B1 /* Main.storyboard in Resources */,
			);
			runOnlyForDeploymentPostprocessing = 0;
		};
		1FF3B7E318E8DC4C0081A0B1 /* Resources */ = {
			isa = PBXResourcesBuildPhase;
			buildActionMask = 2147483647;
			files = (
				1FF3B7F118E8DC4C0081A0B1 /* InfoPlist.strings in Resources */,
			);
			runOnlyForDeploymentPostprocessing = 0;
		};
/* End PBXResourcesBuildPhase section */

/* Begin PBXSourcesBuildPhase section */
		1FF3B7C018E8DC4B0081A0B1 /* Sources */ = {
			isa = PBXSourcesBuildPhase;
			buildActionMask = 2147483647;
			files = (
				9253F906190A09B1000F6500 /* RNEncryptor.m in Sources */,
				1FD03FE419074FBA0014B9C7 /* MessagesGlobalVariablesAndFunctions.m in Sources */,
				9253F907190A09B1000F6500 /* RNOpenSSLCryptor.m in Sources */,
				1F83F7611905655A0054325F /* ComposeMessageTableViewController.m in Sources */,
				1FF3B80518E8DDC30081A0B1 /* DataManager.m in Sources */,
				9253F908190A09B1000F6500 /* RNOpenSSLDecryptor.m in Sources */,
				1FBF2A2218EF3D6600677DC1 /* SingleMessageViewController.m in Sources */,
				9253F905190A09B1000F6500 /* RNDecryptor.m in Sources */,
				1FF3B82318E8EFFB0081A0B1 /* ContactsTableViewController.m in Sources */,
				9253F909190A09B1000F6500 /* RNOpenSSLEncryptor.m in Sources */,
				9253F903190A09B1000F6500 /* RNCryptor.m in Sources */,
				1F4EFE7518F38D58006897A4 /* SingleMessageRightTableViewCell.m in Sources */,
				1FF3B80618E8DDC30081A0B1 /* DataSource.m in Sources */,
				1F3020EB18ECF3D40019D218 /* Contact.m in Sources */,
				1FF3B82618E8F6A40081A0B1 /* EditContactTableViewController.m in Sources */,
				1F4EFE7918F38ED3006897A4 /* Message.m in Sources */,
				1FF3B80418E8DDC30081A0B1 /* MyDataManager.m in Sources */,
				1FF3B7D818E8DC4B0081A0B1 /* AppDelegate.m in Sources */,
				1F70ED6118E9B4A600905D57 /* MessagesTableViewController.m in Sources */,
				9253F904190A09B1000F6500 /* RNCryptorEngine.m in Sources */,
				1FF3B82018E8E6300081A0B1 /* AddContactTableViewController.m in Sources */,
				1FF3B80A18E8DDE70081A0B1 /* Messages.xcdatamodeld in Sources */,
				1F4EFE7218F38D4C006897A4 /* SingleMessageLeftTableViewCell.m in Sources */,
				1FF3B7D418E8DC4B0081A0B1 /* main.m in Sources */,
			);
			runOnlyForDeploymentPostprocessing = 0;
		};
		1FF3B7E118E8DC4C0081A0B1 /* Sources */ = {
			isa = PBXSourcesBuildPhase;
			buildActionMask = 2147483647;
			files = (
				1FF3B7F318E8DC4C0081A0B1 /* Encrypted_MessengerTests.m in Sources */,
			);
			runOnlyForDeploymentPostprocessing = 0;
		};
/* End PBXSourcesBuildPhase section */

/* Begin PBXTargetDependency section */
		1FF3B7EB18E8DC4C0081A0B1 /* PBXTargetDependency */ = {
			isa = PBXTargetDependency;
			target = 1FF3B7C318E8DC4B0081A0B1 /* Encrypted Messenger */;
			targetProxy = 1FF3B7EA18E8DC4C0081A0B1 /* PBXContainerItemProxy */;
		};
/* End PBXTargetDependency section */

/* Begin PBXVariantGroup section */
		1FF3B7D018E8DC4B0081A0B1 /* InfoPlist.strings */ = {
			isa = PBXVariantGroup;
			children = (
				1FF3B7D118E8DC4B0081A0B1 /* en */,
			);
			name = InfoPlist.strings;
			sourceTree = "<group>";
		};
		1FF3B7D918E8DC4B0081A0B1 /* Main.storyboard */ = {
			isa = PBXVariantGroup;
			children = (
				1FF3B7DA18E8DC4B0081A0B1 /* Base */,
			);
			name = Main.storyboard;
			sourceTree = "<group>";
		};
		1FF3B7EF18E8DC4C0081A0B1 /* InfoPlist.strings */ = {
			isa = PBXVariantGroup;
			children = (
				1FF3B7F018E8DC4C0081A0B1 /* en */,
			);
			name = InfoPlist.strings;
			sourceTree = "<group>";
		};
/* End PBXVariantGroup section */

/* Begin XCBuildConfiguration section */
		1FF3B7F418E8DC4C0081A0B1 /* Debug */ = {
			isa = XCBuildConfiguration;
			buildSettings = {
				ALWAYS_SEARCH_USER_PATHS = NO;
				CLANG_CXX_LANGUAGE_STANDARD = "gnu++0x";
				CLANG_CXX_LIBRARY = "libc++";
				CLANG_ENABLE_MODULES = YES;
				CLANG_ENABLE_OBJC_ARC = YES;
				CLANG_WARN_BOOL_CONVERSION = YES;
				CLANG_WARN_CONSTANT_CONVERSION = YES;
				CLANG_WARN_DIRECT_OBJC_ISA_USAGE = YES_ERROR;
				CLANG_WARN_EMPTY_BODY = YES;
				CLANG_WARN_ENUM_CONVERSION = YES;
				CLANG_WARN_INT_CONVERSION = YES;
				CLANG_WARN_OBJC_ROOT_CLASS = YES_ERROR;
				CLANG_WARN__DUPLICATE_METHOD_MATCH = YES;
				"CODE_SIGN_IDENTITY[sdk=iphoneos*]" = "iPhone Developer";
				COPY_PHASE_STRIP = NO;
				GCC_C_LANGUAGE_STANDARD = gnu99;
				GCC_DYNAMIC_NO_PIC = NO;
				GCC_OPTIMIZATION_LEVEL = 0;
				GCC_PREPROCESSOR_DEFINITIONS = (
					"DEBUG=1",
					"$(inherited)",
				);
				GCC_SYMBOLS_PRIVATE_EXTERN = NO;
				GCC_WARN_64_TO_32_BIT_CONVERSION = YES;
				GCC_WARN_ABOUT_RETURN_TYPE = YES_ERROR;
				GCC_WARN_UNDECLARED_SELECTOR = YES;
				GCC_WARN_UNINITIALIZED_AUTOS = YES_AGGRESSIVE;
				GCC_WARN_UNUSED_FUNCTION = YES;
				GCC_WARN_UNUSED_VARIABLE = YES;
				IPHONEOS_DEPLOYMENT_TARGET = 7.1;
				ONLY_ACTIVE_ARCH = YES;
				SDKROOT = iphoneos;
			};
			name = Debug;
		};
		1FF3B7F518E8DC4C0081A0B1 /* Release */ = {
			isa = XCBuildConfiguration;
			buildSettings = {
				ALWAYS_SEARCH_USER_PATHS = NO;
				CLANG_CXX_LANGUAGE_STANDARD = "gnu++0x";
				CLANG_CXX_LIBRARY = "libc++";
				CLANG_ENABLE_MODULES = YES;
				CLANG_ENABLE_OBJC_ARC = YES;
				CLANG_WARN_BOOL_CONVERSION = YES;
				CLANG_WARN_CONSTANT_CONVERSION = YES;
				CLANG_WARN_DIRECT_OBJC_ISA_USAGE = YES_ERROR;
				CLANG_WARN_EMPTY_BODY = YES;
				CLANG_WARN_ENUM_CONVERSION = YES;
				CLANG_WARN_INT_CONVERSION = YES;
				CLANG_WARN_OBJC_ROOT_CLASS = YES_ERROR;
				CLANG_WARN__DUPLICATE_METHOD_MATCH = YES;
				"CODE_SIGN_IDENTITY[sdk=iphoneos*]" = "iPhone Developer";
				COPY_PHASE_STRIP = YES;
				ENABLE_NS_ASSERTIONS = NO;
				GCC_C_LANGUAGE_STANDARD = gnu99;
				GCC_WARN_64_TO_32_BIT_CONVERSION = YES;
				GCC_WARN_ABOUT_RETURN_TYPE = YES_ERROR;
				GCC_WARN_UNDECLARED_SELECTOR = YES;
				GCC_WARN_UNINITIALIZED_AUTOS = YES_AGGRESSIVE;
				GCC_WARN_UNUSED_FUNCTION = YES;
				GCC_WARN_UNUSED_VARIABLE = YES;
				IPHONEOS_DEPLOYMENT_TARGET = 7.1;
				SDKROOT = iphoneos;
				VALIDATE_PRODUCT = YES;
			};
			name = Release;
		};
		1FF3B7F718E8DC4C0081A0B1 /* Debug */ = {
			isa = XCBuildConfiguration;
			buildSettings = {
				ASSETCATALOG_COMPILER_APPICON_NAME = AppIcon;
				ASSETCATALOG_COMPILER_LAUNCHIMAGE_NAME = LaunchImage;
				GCC_PRECOMPILE_PREFIX_HEADER = YES;
				GCC_PREFIX_HEADER = "Encrypted Messenger/Encrypted Messenger-Prefix.pch";
				INFOPLIST_FILE = "Encrypted Messenger/Encrypted Messenger-Info.plist";
				PRODUCT_NAME = "$(TARGET_NAME)";
				WRAPPER_EXTENSION = app;
			};
			name = Debug;
		};
		1FF3B7F818E8DC4C0081A0B1 /* Release */ = {
			isa = XCBuildConfiguration;
			buildSettings = {
				ASSETCATALOG_COMPILER_APPICON_NAME = AppIcon;
				ASSETCATALOG_COMPILER_LAUNCHIMAGE_NAME = LaunchImage;
				GCC_PRECOMPILE_PREFIX_HEADER = YES;
				GCC_PREFIX_HEADER = "Encrypted Messenger/Encrypted Messenger-Prefix.pch";
				INFOPLIST_FILE = "Encrypted Messenger/Encrypted Messenger-Info.plist";
				PRODUCT_NAME = "$(TARGET_NAME)";
				WRAPPER_EXTENSION = app;
			};
			name = Release;
		};
		1FF3B7FA18E8DC4C0081A0B1 /* Debug */ = {
			isa = XCBuildConfiguration;
			buildSettings = {
				BUNDLE_LOADER = "$(BUILT_PRODUCTS_DIR)/Encrypted Messenger.app/Encrypted Messenger";
				FRAMEWORK_SEARCH_PATHS = (
					"$(SDKROOT)/Developer/Library/Frameworks",
					"$(inherited)",
					"$(DEVELOPER_FRAMEWORKS_DIR)",
				);
				GCC_PRECOMPILE_PREFIX_HEADER = YES;
				GCC_PREFIX_HEADER = "Encrypted Messenger/Encrypted Messenger-Prefix.pch";
				GCC_PREPROCESSOR_DEFINITIONS = (
					"DEBUG=1",
					"$(inherited)",
				);
				INFOPLIST_FILE = "Encrypted MessengerTests/Encrypted MessengerTests-Info.plist";
				PRODUCT_NAME = "$(TARGET_NAME)";
				TEST_HOST = "$(BUNDLE_LOADER)";
				WRAPPER_EXTENSION = xctest;
			};
			name = Debug;
		};
		1FF3B7FB18E8DC4C0081A0B1 /* Release */ = {
			isa = XCBuildConfiguration;
			buildSettings = {
				BUNDLE_LOADER = "$(BUILT_PRODUCTS_DIR)/Encrypted Messenger.app/Encrypted Messenger";
				FRAMEWORK_SEARCH_PATHS = (
					"$(SDKROOT)/Developer/Library/Frameworks",
					"$(inherited)",
					"$(DEVELOPER_FRAMEWORKS_DIR)",
				);
				GCC_PRECOMPILE_PREFIX_HEADER = YES;
				GCC_PREFIX_HEADER = "Encrypted Messenger/Encrypted Messenger-Prefix.pch";
				INFOPLIST_FILE = "Encrypted MessengerTests/Encrypted MessengerTests-Info.plist";
				PRODUCT_NAME = "$(TARGET_NAME)";
				TEST_HOST = "$(BUNDLE_LOADER)";
				WRAPPER_EXTENSION = xctest;
			};
			name = Release;
		};
/* End XCBuildConfiguration section */

/* Begin XCConfigurationList section */
		1FF3B7BF18E8DC4B0081A0B1 /* Build configuration list for PBXProject "Encrypted Messenger" */ = {
			isa = XCConfigurationList;
			buildConfigurations = (
				1FF3B7F418E8DC4C0081A0B1 /* Debug */,
				1FF3B7F518E8DC4C0081A0B1 /* Release */,
			);
			defaultConfigurationIsVisible = 0;
			defaultConfigurationName = Release;
		};
		1FF3B7F618E8DC4C0081A0B1 /* Build configuration list for PBXNativeTarget "Encrypted Messenger" */ = {
			isa = XCConfigurationList;
			buildConfigurations = (
				1FF3B7F718E8DC4C0081A0B1 /* Debug */,
				1FF3B7F818E8DC4C0081A0B1 /* Release */,
			);
			defaultConfigurationIsVisible = 0;
			defaultConfigurationName = Release;
		};
		1FF3B7F918E8DC4C0081A0B1 /* Build configuration list for PBXNativeTarget "Encrypted MessengerTests" */ = {
			isa = XCConfigurationList;
			buildConfigurations = (
				1FF3B7FA18E8DC4C0081A0B1 /* Debug */,
				1FF3B7FB18E8DC4C0081A0B1 /* Release */,
			);
			defaultConfigurationIsVisible = 0;
			defaultConfigurationName = Release;
		};
/* End XCConfigurationList section */

/* Begin XCVersionGroup section */
		1FF3B80818E8DDE70081A0B1 /* Messages.xcdatamodeld */ = {
			isa = XCVersionGroup;
			children = (
				1FF3B80918E8DDE70081A0B1 /* Messages.xcdatamodel */,
			);
			currentVersion = 1FF3B80918E8DDE70081A0B1 /* Messages.xcdatamodel */;
			path = Messages.xcdatamodeld;
			sourceTree = "<group>";
			versionGroupType = wrapper.xcdatamodel;
		};
/* End XCVersionGroup section */
	};
	rootObject = 1FF3B7BC18E8DC4B0081A0B1 /* Project object */;
}
